
Microsoft Visual Studio Solution File, Format Version 12.00
# Visual Studio Version 17
VisualStudioVersion = 17.9.34723.18
MinimumVisualStudioVersion = 10.0.40219.1
Project("{FAE04EC0-301F-11D3-BF4B-00C04F79EFBC}") = "lab6net6", "lab6net6\lab6net6.csproj", "{BBBF00A9-A436-4235-9071-F3189D894019}"
EndProject
Global
	GlobalSection(SolutionConfigurationPlatforms) = preSolution
		Debug|Any CPU = Debug|Any CPU
		Release|Any CPU = Release|Any CPU
	EndGlobalSection
	GlobalSection(ProjectConfigurationPlatforms) = postSolution
		{BBBF00A9-A436-4235-9071-F3189D894019}.Debug|Any CPU.ActiveCfg = Debug|Any CPU
		{BBBF00A9-A436-4235-9071-F3189D894019}.Debug|Any CPU.Build.0 = Debug|Any CPU
		{BBBF00A9-A436-4235-9071-F3189D894019}.Release|Any CPU.ActiveCfg = Release|Any CPU
		{BBBF00A9-A436-4235-9071-F3189D894019}.Release|Any CPU.Build.0 = Release|Any CPU
	EndGlobalSection
	GlobalSection(SolutionProperties) = preSolution
		HideSolutionNode = FALSE
	EndGlobalSection
	GlobalSection(ExtensibilityGlobals) = postSolution
		SolutionGuid = {0A2E8F2B-459C-4BAA-8D1A-8CF9027FAE4E}
	EndGlobalSection
EndGlobal
